
Microsoft Visual Studio Solution File, Format Version 12.00
# Visual Studio 15
VisualStudioVersion = 15.0.27130.2026
MinimumVisualStudioVersion = 10.0.40219.1
Project("{FAE04EC0-301F-11D3-BF4B-00C04F79EFBC}") = "IdentityDemo", "IdentityDemo\IdentityDemo.csproj", "{E0DDE323-5753-4F9A-8C78-685342F1BF8D}"
EndProject
Global
	GlobalSection(SolutionConfigurationPlatforms) = preSolution
		Debug|Any CPU = Debug|Any CPU
		Release|Any CPU = Release|Any CPU
	EndGlobalSection
	GlobalSection(ProjectConfigurationPlatforms) = postSolution
		{E0DDE323-5753-4F9A-8C78-685342F1BF8D}.Debug|Any CPU.ActiveCfg = Debug|Any CPU
		{E0DDE323-5753-4F9A-8C78-685342F1BF8D}.Debug|Any CPU.Build.0 = Debug|Any CPU
		{E0DDE323-5753-4F9A-8C78-685342F1BF8D}.Release|Any CPU.ActiveCfg = Release|Any CPU
		{E0DDE323-5753-4F9A-8C78-685342F1BF8D}.Release|Any CPU.Build.0 = Release|Any CPU
	EndGlobalSection
	GlobalSection(SolutionProperties) = preSolution
		HideSolutionNode = FALSE
	EndGlobalSection
	GlobalSection(ExtensibilityGlobals) = postSolution
		SolutionGuid = {8FDB628E-5DE8-421A-91B9-0BFBB1F51624}
	EndGlobalSection
EndGlobal
