
Microsoft Visual Studio Solution File, Format Version 12.00
# Visual Studio 15
VisualStudioVersion = 15.0.27130.2026
MinimumVisualStudioVersion = 10.0.40219.1
Project("{FAE04EC0-301F-11D3-BF4B-00C04F79EFBC}") = "分布式缓存", "分布式缓存\分布式缓存.csproj", "{53BB1A8F-504F-4B0F-94DC-5EA88A5180C8}"
EndProject
Global
	GlobalSection(SolutionConfigurationPlatforms) = preSolution
		Debug|Any CPU = Debug|Any CPU
		Release|Any CPU = Release|Any CPU
	EndGlobalSection
	GlobalSection(ProjectConfigurationPlatforms) = postSolution
		{53BB1A8F-504F-4B0F-94DC-5EA88A5180C8}.Debug|Any CPU.ActiveCfg = Debug|Any CPU
		{53BB1A8F-504F-4B0F-94DC-5EA88A5180C8}.Debug|Any CPU.Build.0 = Debug|Any CPU
		{53BB1A8F-504F-4B0F-94DC-5EA88A5180C8}.Release|Any CPU.ActiveCfg = Release|Any CPU
		{53BB1A8F-504F-4B0F-94DC-5EA88A5180C8}.Release|Any CPU.Build.0 = Release|Any CPU
	EndGlobalSection
	GlobalSection(SolutionProperties) = preSolution
		HideSolutionNode = FALSE
	EndGlobalSection
	GlobalSection(ExtensibilityGlobals) = postSolution
		SolutionGuid = {DCF0690D-4E40-40B0-80B8-2CCA8251977B}
	EndGlobalSection
EndGlobal
